PODS:
  - Nimble (8.0.5)
  - Quick (2.2.0)

DEPENDENCIES:
  - Nimble
  - Quick

SPEC REPOS:
  trunk:
    - Nimble
    - Quick

SPEC CHECKSUMS:
  Nimble: 4ab1aeb9b45553c75b9687196b0fa0713170a332
  Quick: 7fb19e13be07b5dfb3b90d4f9824c855a11af40e

PODFILE CHECKSUM: 76273c77ebe7daf960e47c3fec1573026e72b898

COCOAPODS: 1.8.4
