// !$*UTF8*$!
{
	archiveVersion = 1;
	classes = {
	};
	objectVersion = 51;
	objects = {

/* Begin PBXBuildFile section */
		09D66B5B04141487B47E7CCA /* Pods_Varejando.framework in Frameworks */ = {isa = PBXBuildFile; fileRef = 7B0047C2AF228D5F7BEE7883 /* Pods_Varejando.framework */; };
		69AB5C0E23EFA6EC003050DD /* AppDelegate.swift in Sources */ = {isa = PBXBuildFile; fileRef = 69AB5C0D23EFA6EC003050DD /* AppDelegate.swift */; };
		69AB5C1023EFA6EC003050DD /* SceneDelegate.swift in Sources */ = {isa = PBXBuildFile; fileRef = 69AB5C0F23EFA6EC003050DD /* SceneDelegate.swift */; };
		69AB5C1223EFA6EC003050DD /* ViewController.swift in Sources */ = {isa = PBXBuildFile; fileRef = 69AB5C1123EFA6EC003050DD /* ViewController.swift */; };
		69AB5C1523EFA6EC003050DD /* Main.storyboard in Resources */ = {isa = PBXBuildFile; fileRef = 69AB5C1323EFA6EC003050DD /* Main.storyboard */; };
		69AB5C1723EFA6EE003050DD /* Assets.xcassets in Resources */ = {isa = PBXBuildFile; fileRef = 69AB5C1623EFA6EE003050DD /* Assets.xcassets */; };
		69AB5C1A23EFA6EE003050DD /* LaunchScreen.storyboard in Resources */ = {isa = PBXBuildFile; fileRef = 69AB5C1823EFA6EE003050DD /* LaunchScreen.storyboard */; };
		69AB5C2523EFA6EE003050DD /* VarejandoTests.swift in Sources */ = {isa = PBXBuildFile; fileRef = 69AB5C2423EFA6EE003050DD /* VarejandoTests.swift */; };
		69AB5C3023EFA6EE003050DD /* VarejandoUITests.swift in Sources */ = {isa = PBXBuildFile; fileRef = 69AB5C2F23EFA6EE003050DD /* VarejandoUITests.swift */; };
		C6DD464BD2AD59695BFD7126 /* Pods_VarejandoTests.framework in Frameworks */ = {isa = PBXBuildFile; fileRef = ACAC112B685FB70502C32B53 /* Pods_VarejandoTests.framework */; };
/* End PBXBuildFile section */

/* Begin PBXContainerItemProxy section */
		69AB5C2123EFA6EE003050DD /* PBXContainerItemProxy */ = {
			isa = PBXContainerItemProxy;
			containerPortal = 69AB5C0223EFA6EC003050DD /* Project object */;
			proxyType = 1;
			remoteGlobalIDString = 69AB5C0923EFA6EC003050DD;
			remoteInfo = Varejando;
		};
		69AB5C2C23EFA6EE003050DD /* PBXContainerItemProxy */ = {
			isa = PBXContainerItemProxy;
			containerPortal = 69AB5C0223EFA6EC003050DD /* Project object */;
			proxyType = 1;
			remoteGlobalIDString = 69AB5C0923EFA6EC003050DD;
			remoteInfo = Varejando;
		};
/* End PBXContainerItemProxy section */

/* Begin PBXFileReference section */
		54EF887616E7BD41A9356578 /* Pods-VarejandoTests.debug.xcconfig */ = {isa = PBXFileReference; includeInIndex = 1; lastKnownFileType = text.xcconfig; name = "Pods-VarejandoTests.debug.xcconfig"; path = "Target Support Files/Pods-VarejandoTests/Pods-VarejandoTests.debug.xcconfig"; sourceTree = "<group>"; };
		674C074A1C474BA85BD74E18 /* Pods-Varejando.debug.xcconfig */ = {isa = PBXFileReference; includeInIndex = 1; lastKnownFileType = text.xcconfig; name = "Pods-Varejando.debug.xcconfig"; path = "Target Support Files/Pods-Varejando/Pods-Varejando.debug.xcconfig"; sourceTree = "<group>"; };
		69AB5C0A23EFA6EC003050DD /* Varejando.app */ = {isa = PBXFileReference; explicitFileType = wrapper.application; includeInIndex = 0; path = Varejando.app; sourceTree = BUILT_PRODUCTS_DIR; };
		69AB5C0D23EFA6EC003050DD /* AppDelegate.swift */ = {isa = PBXFileReference; lastKnownFileType = sourcecode.swift; path = AppDelegate.swift; sourceTree = "<group>"; };
		69AB5C0F23EFA6EC003050DD /* SceneDelegate.swift */ = {isa = PBXFileReference; lastKnownFileType = sourcecode.swift; path = SceneDelegate.swift; sourceTree = "<group>"; };
		69AB5C1123EFA6EC003050DD /* ViewController.swift */ = {isa = PBXFileReference; lastKnownFileType = sourcecode.swift; path = ViewController.swift; sourceTree = "<group>"; };
		69AB5C1423EFA6EC003050DD /* Base */ = {isa = PBXFileReference; lastKnownFileType = file.storyboard; name = Base; path = Base.lproj/Main.storyboard; sourceTree = "<group>"; };
		69AB5C1623EFA6EE003050DD /* Assets.xcassets */ = {isa = PBXFileReference; lastKnownFileType = folder.assetcatalog; path = Assets.xcassets; sourceTree = "<group>"; };
		69AB5C1923EFA6EE003050DD /* Base */ = {isa = PBXFileReference; lastKnownFileType = file.storyboard; name = Base; path = Base.lproj/LaunchScreen.storyboard; sourceTree = "<group>"; };
		69AB5C1B23EFA6EE003050DD /* Info.plist */ = {isa = PBXFileReference; lastKnownFileType = text.plist.xml; path = Info.plist; sourceTree = "<group>"; };
		69AB5C2023EFA6EE003050DD /* VarejandoTests.xctest */ = {isa = PBXFileReference; explicitFileType = wrapper.cfbundle; includeInIndex = 0; path = VarejandoTests.xctest; sourceTree = BUILT_PRODUCTS_DIR; };
		69AB5C2423EFA6EE003050DD /* VarejandoTests.swift */ = {isa = PBXFileReference; lastKnownFileType = sourcecode.swift; path = VarejandoTests.swift; sourceTree = "<group>"; };
		69AB5C2623EFA6EE003050DD /* Info.plist */ = {isa = PBXFileReference; lastKnownFileType = text.plist.xml; path = Info.plist; sourceTree = "<group>"; };
		69AB5C2B23EFA6EE003050DD /* VarejandoUITests.xctest */ = {isa = PBXFileReference; explicitFileType = wrapper.cfbundle; includeInIndex = 0; path = VarejandoUITests.xctest; sourceTree = BUILT_PRODUCTS_DIR; };
		69AB5C2F23EFA6EE003050DD /* VarejandoUITests.swift */ = {isa = PBXFileReference; lastKnownFileType = sourcecode.swift; path = VarejandoUITests.swift; sourceTree = "<group>"; };
		69AB5C3123EFA6EE003050DD /* Info.plist */ = {isa = PBXFileReference; lastKnownFileType = text.plist.xml; path = Info.plist; sourceTree = "<group>"; };
		7B0047C2AF228D5F7BEE7883 /* Pods_Varejando.framework */ = {isa = PBXFileReference; explicitFileType = wrapper.framework; includeInIndex = 0; path = Pods_Varejando.framework; sourceTree = BUILT_PRODUCTS_DIR; };
		9D6F19DF2E5F85FCAFE075A2 /* Pods-VarejandoTests.release.xcconfig */ = {isa = PBXFileReference; includeInIndex = 1; lastKnownFileType = text.xcconfig; name = "Pods-VarejandoTests.release.xcconfig"; path = "Target Support Files/Pods-VarejandoTests/Pods-VarejandoTests.release.xcconfig"; sourceTree = "<group>"; };
		ACAC112B685FB70502C32B53 /* Pods_VarejandoTests.framework */ = {isa = PBXFileReference; explicitFileType = wrapper.framework; includeInIndex = 0; path = Pods_VarejandoTests.framework; sourceTree = BUILT_PRODUCTS_DIR; };
		E4B0010AB2FF45155F8BF7DE /* Pods-Varejando.release.xcconfig */ = {isa = PBXFileReference; includeInIndex = 1; lastKnownFileType = text.xcconfig; name = "Pods-Varejando.release.xcconfig"; path = "Target Support Files/Pods-Varejando/Pods-Varejando.release.xcconfig"; sourceTree = "<group>"; };
/* End PBXFileReference section */

/* Begin PBXFrameworksBuildPhase section */
		69AB5C0723EFA6EC003050DD /* Frameworks */ = {
			isa = PBXFrameworksBuildPhase;
			buildActionMask = 2147483647;
			files = (
				09D66B5B04141487B47E7CCA /* Pods_Varejando.framework in Frameworks */,
			);
			runOnlyForDeploymentPostprocessing = 0;
		};
		69AB5C1D23EFA6EE003050DD /* Frameworks */ = {
			isa = PBXFrameworksBuildPhase;
			buildActionMask = 2147483647;
			files = (
				C6DD464BD2AD59695BFD7126 /* Pods_VarejandoTests.framework in Frameworks */,
			);
			runOnlyForDeploymentPostprocessing = 0;
		};
		69AB5C2823EFA6EE003050DD /* Frameworks */ = {
			isa = PBXFrameworksBuildPhase;
			buildActionMask = 2147483647;
			files = (
			);
			runOnlyForDeploymentPostprocessing = 0;
		};
/* End PBXFrameworksBuildPhase section */

/* Begin PBXGroup section */
		0B3B134C3D0D4DAF9FA0C8C4 /* Frameworks */ = {
			isa = PBXGroup;
			children = (
				7B0047C2AF228D5F7BEE7883 /* Pods_Varejando.framework */,
				ACAC112B685FB70502C32B53 /* Pods_VarejandoTests.framework */,
			);
			name = Frameworks;
			sourceTree = "<group>";
		};
		6938353623EFAA6E00012DEF /* UI */ = {
			isa = PBXGroup;
			children = (
				6938353823EFAA9C00012DEF /* Storyboards */,
				6938353723EFAA8200012DEF /* controllers */,
			);
			path = UI;
			sourceTree = "<group>";
		};
		6938353723EFAA8200012DEF /* controllers */ = {
			isa = PBXGroup;
			children = (
				69AB5C1123EFA6EC003050DD /* ViewController.swift */,
			);
			path = controllers;
			sourceTree = "<group>";
		};
		6938353823EFAA9C00012DEF /* Storyboards */ = {
			isa = PBXGroup;
			children = (
				69AB5C1823EFA6EE003050DD /* LaunchScreen.storyboard */,
				69AB5C1323EFA6EC003050DD /* Main.storyboard */,
			);
			path = Storyboards;
			sourceTree = "<group>";
		};
		6938353923EFAAB100012DEF /* Core */ = {
			isa = PBXGroup;
			children = (
				69AB5C0D23EFA6EC003050DD /* AppDelegate.swift */,
				69AB5C0F23EFA6EC003050DD /* SceneDelegate.swift */,
			);
			path = Core;
			sourceTree = "<group>";
		};
		6938353A23EFAAC900012DEF /* SupportSettings */ = {
			isa = PBXGroup;
			children = (
				69AB5C1B23EFA6EE003050DD /* Info.plist */,
			);
			path = SupportSettings;
			sourceTree = "<group>";
		};
		69AB5C0123EFA6EC003050DD = {
			isa = PBXGroup;
			children = (
				69AB5C0C23EFA6EC003050DD /* Varejando */,
				69AB5C2323EFA6EE003050DD /* VarejandoTests */,
				69AB5C2E23EFA6EE003050DD /* VarejandoUITests */,
				69AB5C0B23EFA6EC003050DD /* Products */,
				FB2F711E10F3691ACE19D6CC /* Pods */,
				0B3B134C3D0D4DAF9FA0C8C4 /* Frameworks */,
			);
			sourceTree = "<group>";
		};
		69AB5C0B23EFA6EC003050DD /* Products */ = {
			isa = PBXGroup;
			children = (
				69AB5C0A23EFA6EC003050DD /* Varejando.app */,
				69AB5C2023EFA6EE003050DD /* VarejandoTests.xctest */,
				69AB5C2B23EFA6EE003050DD /* VarejandoUITests.xctest */,
			);
			name = Products;
			sourceTree = "<group>";
		};
		69AB5C0C23EFA6EC003050DD /* Varejando */ = {
			isa = PBXGroup;
			children = (
				6938353A23EFAAC900012DEF /* SupportSettings */,
				6938353923EFAAB100012DEF /* Core */,
				6938353623EFAA6E00012DEF /* UI */,
				69AB5C1623EFA6EE003050DD /* Assets.xcassets */,
			);
			path = Varejando;
			sourceTree = "<group>";
		};
		69AB5C2323EFA6EE003050DD /* VarejandoTests */ = {
			isa = PBXGroup;
			children = (
				69AB5C2423EFA6EE003050DD /* VarejandoTests.swift */,
				69AB5C2623EFA6EE003050DD /* Info.plist */,
			);
			path = VarejandoTests;
			sourceTree = "<group>";
		};
		69AB5C2E23EFA6EE003050DD /* VarejandoUITests */ = {
			isa = PBXGroup;
			children = (
				69AB5C2F23EFA6EE003050DD /* VarejandoUITests.swift */,
				69AB5C3123EFA6EE003050DD /* Info.plist */,
			);
			path = VarejandoUITests;
			sourceTree = "<group>";
		};
		FB2F711E10F3691ACE19D6CC /* Pods */ = {
			isa = PBXGroup;
			children = (
				674C074A1C474BA85BD74E18 /* Pods-Varejando.debug.xcconfig */,
				E4B0010AB2FF45155F8BF7DE /* Pods-Varejando.release.xcconfig */,
				54EF887616E7BD41A9356578 /* Pods-VarejandoTests.debug.xcconfig */,
				9D6F19DF2E5F85FCAFE075A2 /* Pods-VarejandoTests.release.xcconfig */,
			);
			path = Pods;
			sourceTree = "<group>";
		};
/* End PBXGroup section */

/* Begin PBXNativeTarget section */
		69AB5C0923EFA6EC003050DD /* Varejando */ = {
			isa = PBXNativeTarget;
			buildConfigurationList = 69AB5C3423EFA6EE003050DD /* Build configuration list for PBXNativeTarget "Varejando" */;
			buildPhases = (
				FA8CCCEDDEE067A8343281B1 /* [CP] Check Pods Manifest.lock */,
				69AB5C0623EFA6EC003050DD /* Sources */,
				69AB5C0723EFA6EC003050DD /* Frameworks */,
				69AB5C0823EFA6EC003050DD /* Resources */,
			);
			buildRules = (
			);
			dependencies = (
			);
			name = Varejando;
			productName = Varejando;
			productReference = 69AB5C0A23EFA6EC003050DD /* Varejando.app */;
			productType = "com.apple.product-type.application";
		};
		69AB5C1F23EFA6EE003050DD /* VarejandoTests */ = {
			isa = PBXNativeTarget;
			buildConfigurationList = 69AB5C3723EFA6EE003050DD /* Build configuration list for PBXNativeTarget "VarejandoTests" */;
			buildPhases = (
				4C520FCDE17488126B2B2003 /* [CP] Check Pods Manifest.lock */,
				69AB5C1C23EFA6EE003050DD /* Sources */,
				69AB5C1D23EFA6EE003050DD /* Frameworks */,
				69AB5C1E23EFA6EE003050DD /* Resources */,
				5F6FD6941A3A9540853C3488 /* [CP] Embed Pods Frameworks */,
			);
			buildRules = (
			);
			dependencies = (
				69AB5C2223EFA6EE003050DD /* PBXTargetDependency */,
			);
			name = VarejandoTests;
			productName = VarejandoTests;
			productReference = 69AB5C2023EFA6EE003050DD /* VarejandoTests.xctest */;
			productType = "com.apple.product-type.bundle.unit-test";
		};
		69AB5C2A23EFA6EE003050DD /* VarejandoUITests */ = {
			isa = PBXNativeTarget;
			buildConfigurationList = 69AB5C3A23EFA6EE003050DD /* Build configuration list for PBXNativeTarget "VarejandoUITests" */;
			buildPhases = (
				69AB5C2723EFA6EE003050DD /* Sources */,
				69AB5C2823EFA6EE003050DD /* Frameworks */,
				69AB5C2923EFA6EE003050DD /* Resources */,
			);
			buildRules = (
			);
			dependencies = (
				69AB5C2D23EFA6EE003050DD /* PBXTargetDependency */,
			);
			name = VarejandoUITests;
			productName = VarejandoUITests;
			productReference = 69AB5C2B23EFA6EE003050DD /* VarejandoUITests.xctest */;
			productType = "com.apple.product-type.bundle.ui-testing";
		};
/* End PBXNativeTarget section */

/* Begin PBXProject section */
		69AB5C0223EFA6EC003050DD /* Project object */ = {
			isa = PBXProject;
			attributes = {
				LastSwiftUpdateCheck = 1130;
				LastUpgradeCheck = 1130;
				ORGANIZATIONNAME = "Ruan Gustavo de Oliveira";
				TargetAttributes = {
					69AB5C0923EFA6EC003050DD = {
						CreatedOnToolsVersion = 11.3.1;
					};
					69AB5C1F23EFA6EE003050DD = {
						CreatedOnToolsVersion = 11.3.1;
						TestTargetID = 69AB5C0923EFA6EC003050DD;
					};
					69AB5C2A23EFA6EE003050DD = {
						CreatedOnToolsVersion = 11.3.1;
						TestTargetID = 69AB5C0923EFA6EC003050DD;
					};
				};
			};
			buildConfigurationList = 69AB5C0523EFA6EC003050DD /* Build configuration list for PBXProject "Varejando" */;
			compatibilityVersion = "Xcode 9.3";
			developmentRegion = en;
			hasScannedForEncodings = 0;
			knownRegions = (
				en,
				Base,
			);
			mainGroup = 69AB5C0123EFA6EC003050DD;
			productRefGroup = 69AB5C0B23EFA6EC003050DD /* Products */;
			projectDirPath = "";
			projectRoot = "";
			targets = (
				69AB5C0923EFA6EC003050DD /* Varejando */,
				69AB5C1F23EFA6EE003050DD /* VarejandoTests */,
				69AB5C2A23EFA6EE003050DD /* VarejandoUITests */,
			);
		};
/* End PBXProject section */

/* Begin PBXResourcesBuildPhase section */
		69AB5C0823EFA6EC003050DD /* Resources */ = {
			isa = PBXResourcesBuildPhase;
			buildActionMask = 2147483647;
			files = (
				69AB5C1A23EFA6EE003050DD /* LaunchScreen.storyboard in Resources */,
				69AB5C1723EFA6EE003050DD /* Assets.xcassets in Resources */,
				69AB5C1523EFA6EC003050DD /* Main.storyboard in Resources */,
			);
			runOnlyForDeploymentPostprocessing = 0;
		};
		69AB5C1E23EFA6EE003050DD /* Resources */ = {
			isa = PBXResourcesBuildPhase;
			buildActionMask = 2147483647;
			files = (
			);
			runOnlyForDeploymentPostprocessing = 0;
		};
		69AB5C2923EFA6EE003050DD /* Resources */ = {
			isa = PBXResourcesBuildPhase;
			buildActionMask = 2147483647;
			files = (
			);
			runOnlyForDeploymentPostprocessing = 0;
		};
/* End PBXResourcesBuildPhase section */

/* Begin PBXShellScriptBuildPhase section */
		4C520FCDE17488126B2B2003 /* [CP] Check Pods Manifest.lock */ = {
			isa = PBXShellScriptBuildPhase;
			buildActionMask = 2147483647;
			files = (
			);
			inputFileListPaths = (
			);
			inputPaths = (
				"${PODS_PODFILE_DIR_PATH}/Podfile.lock",
				"${PODS_ROOT}/Manifest.lock",
			);
			name = "[CP] Check Pods Manifest.lock";
			outputFileListPaths = (
			);
			outputPaths = (
				"$(DERIVED_FILE_DIR)/Pods-VarejandoTests-checkManifestLockResult.txt",
			);
			runOnlyForDeploymentPostprocessing = 0;
			shellPath = /bin/sh;
			shellScript = "diff \"${PODS_PODFILE_DIR_PATH}/Podfile.lock\" \"${PODS_ROOT}/Manifest.lock\" > /dev/null\nif [ $? != 0 ] ; then\n    # print error to STDERR\n    echo \"error: The sandbox is not in sync with the Podfile.lock. Run 'pod install' or update your CocoaPods installation.\" >&2\n    exit 1\nfi\n# This output is used by Xcode 'outputs' to avoid re-running this script phase.\necho \"SUCCESS\" > \"${SCRIPT_OUTPUT_FILE_0}\"\n";
			showEnvVarsInLog = 0;
		};
		5F6FD6941A3A9540853C3488 /* [CP] Embed Pods Frameworks */ = {
			isa = PBXShellScriptBuildPhase;
			buildActionMask = 2147483647;
			files = (
			);
			inputFileListPaths = (
				"${PODS_ROOT}/Target Support Files/Pods-VarejandoTests/Pods-VarejandoTests-frameworks-${CONFIGURATION}-input-files.xcfilelist",
			);
			name = "[CP] Embed Pods Frameworks";
			outputFileListPaths = (
				"${PODS_ROOT}/Target Support Files/Pods-VarejandoTests/Pods-VarejandoTests-frameworks-${CONFIGURATION}-output-files.xcfilelist",
			);
			runOnlyForDeploymentPostprocessing = 0;
			shellPath = /bin/sh;
			shellScript = "\"${PODS_ROOT}/Target Support Files/Pods-VarejandoTests/Pods-VarejandoTests-frameworks.sh\"\n";
			showEnvVarsInLog = 0;
		};
		FA8CCCEDDEE067A8343281B1 /* [CP] Check Pods Manifest.lock */ = {
			isa = PBXShellScriptBuildPhase;
			buildActionMask = 2147483647;
			files = (
			);
			inputFileListPaths = (
			);
			inputPaths = (
				"${PODS_PODFILE_DIR_PATH}/Podfile.lock",
				"${PODS_ROOT}/Manifest.lock",
			);
			name = "[CP] Check Pods Manifest.lock";
			outputFileListPaths = (
			);
			outputPaths = (
				"$(DERIVED_FILE_DIR)/Pods-Varejando-checkManifestLockResult.txt",
			);
			runOnlyForDeploymentPostprocessing = 0;
			shellPath = /bin/sh;
			shellScript = "diff \"${PODS_PODFILE_DIR_PATH}/Podfile.lock\" \"${PODS_ROOT}/Manifest.lock\" > /dev/null\nif [ $? != 0 ] ; then\n    # print error to STDERR\n    echo \"error: The sandbox is not in sync with the Podfile.lock. Run 'pod install' or update your CocoaPods installation.\" >&2\n    exit 1\nfi\n# This output is used by Xcode 'outputs' to avoid re-running this script phase.\necho \"SUCCESS\" > \"${SCRIPT_OUTPUT_FILE_0}\"\n";
			showEnvVarsInLog = 0;
		};
/* End PBXShellScriptBuildPhase section */

/* Begin PBXSourcesBuildPhase section */
		69AB5C0623EFA6EC003050DD /* Sources */ = {
			isa = PBXSourcesBuildPhase;
			buildActionMask = 2147483647;
			files = (
				69AB5C1223EFA6EC003050DD /* ViewController.swift in Sources */,
				69AB5C0E23EFA6EC003050DD /* AppDelegate.swift in Sources */,
				69AB5C1023EFA6EC003050DD /* SceneDelegate.swift in Sources */,
			);
			runOnlyForDeploymentPostprocessing = 0;
		};
		69AB5C1C23EFA6EE003050DD /* Sources */ = {
			isa = PBXSourcesBuildPhase;
			buildActionMask = 2147483647;
			files = (
				69AB5C2523EFA6EE003050DD /* VarejandoTests.swift in Sources */,
			);
			runOnlyForDeploymentPostprocessing = 0;
		};
		69AB5C2723EFA6EE003050DD /* Sources */ = {
			isa = PBXSourcesBuildPhase;
			buildActionMask = 2147483647;
			files = (
				69AB5C3023EFA6EE003050DD /* VarejandoUITests.swift in Sources */,
			);
			runOnlyForDeploymentPostprocessing = 0;
		};
/* End PBXSourcesBuildPhase section */

/* Begin PBXTargetDependency section */
		69AB5C2223EFA6EE003050DD /* PBXTargetDependency */ = {
			isa = PBXTargetDependency;
			target = 69AB5C0923EFA6EC003050DD /* Varejando */;
			targetProxy = 69AB5C2123EFA6EE003050DD /* PBXContainerItemProxy */;
		};
		69AB5C2D23EFA6EE003050DD /* PBXTargetDependency */ = {
			isa = PBXTargetDependency;
			target = 69AB5C0923EFA6EC003050DD /* Varejando */;
			targetProxy = 69AB5C2C23EFA6EE003050DD /* PBXContainerItemProxy */;
		};
/* End PBXTargetDependency section */

/* Begin PBXVariantGroup section */
		69AB5C1323EFA6EC003050DD /* Main.storyboard */ = {
			isa = PBXVariantGroup;
			children = (
				69AB5C1423EFA6EC003050DD /* Base */,
			);
			name = Main.storyboard;
			sourceTree = "<group>";
		};
		69AB5C1823EFA6EE003050DD /* LaunchScreen.storyboard */ = {
			isa = PBXVariantGroup;
			children = (
				69AB5C1923EFA6EE003050DD /* Base */,
			);
			name = LaunchScreen.storyboard;
			sourceTree = "<group>";
		};
/* End PBXVariantGroup section */

/* Begin XCBuildConfiguration section */
		69AB5C3223EFA6EE003050DD /* Debug */ = {
			isa = XCBuildConfiguration;
			buildSettings = {
				ALWAYS_SEARCH_USER_PATHS = NO;
				CLANG_ANALYZER_NONNULL = YES;
				CLANG_ANALYZER_NUMBER_OBJECT_CONVERSION = YES_AGGRESSIVE;
				CLANG_CXX_LANGUAGE_STANDARD = "gnu++14";
				CLANG_CXX_LIBRARY = "libc++";
				CLANG_ENABLE_MODULES = YES;
				CLANG_ENABLE_OBJC_ARC = YES;
				CLANG_ENABLE_OBJC_WEAK = YES;
				CLANG_WARN_BLOCK_CAPTURE_AUTORELEASING = YES;
				CLANG_WARN_BOOL_CONVERSION = YES;
				CLANG_WARN_COMMA = YES;
				CLANG_WARN_CONSTANT_CONVERSION = YES;
				CLANG_WARN_DEPRECATED_OBJC_IMPLEMENTATIONS = YES;
				CLANG_WARN_DIRECT_OBJC_ISA_USAGE = YES_ERROR;
				CLANG_WARN_DOCUMENTATION_COMMENTS = YES;
				CLANG_WARN_EMPTY_BODY = YES;
				CLANG_WARN_ENUM_CONVERSION = YES;
				CLANG_WARN_INFINITE_RECURSION = YES;
				CLANG_WARN_INT_CONVERSION = YES;
				CLANG_WARN_NON_LITERAL_NULL_CONVERSION = YES;
				CLANG_WARN_OBJC_IMPLICIT_RETAIN_SELF = YES;
				CLANG_WARN_OBJC_LITERAL_CONVERSION = YES;
				CLANG_WARN_OBJC_ROOT_CLASS = YES_ERROR;
				CLANG_WARN_RANGE_LOOP_ANALYSIS = YES;
				CLANG_WARN_STRICT_PROTOTYPES = YES;
				CLANG_WARN_SUSPICIOUS_MOVE = YES;
				CLANG_WARN_UNGUARDED_AVAILABILITY = YES_AGGRESSIVE;
				CLANG_WARN_UNREACHABLE_CODE = YES;
				CLANG_WARN__DUPLICATE_METHOD_MATCH = YES;
				COPY_PHASE_STRIP = NO;
				DEBUG_INFORMATION_FORMAT = dwarf;
				ENABLE_STRICT_OBJC_MSGSEND = YES;
				ENABLE_TESTABILITY = YES;
				GCC_C_LANGUAGE_STANDARD = gnu11;
				GCC_DYNAMIC_NO_PIC = NO;
				GCC_NO_COMMON_BLOCKS = YES;
				GCC_OPTIMIZATION_LEVEL = 0;
				GCC_PREPROCESSOR_DEFINITIONS = (
					"DEBUG=1",
					"$(inherited)",
				);
				GCC_WARN_64_TO_32_BIT_CONVERSION = YES;
				GCC_WARN_ABOUT_RETURN_TYPE = YES_ERROR;
				GCC_WARN_UNDECLARED_SELECTOR = YES;
				GCC_WARN_UNINITIALIZED_AUTOS = YES_AGGRESSIVE;
				GCC_WARN_UNUSED_FUNCTION = YES;
				GCC_WARN_UNUSED_VARIABLE = YES;
				IPHONEOS_DEPLOYMENT_TARGET = 13.2;
				MTL_ENABLE_DEBUG_INFO = INCLUDE_SOURCE;
				MTL_FAST_MATH = YES;
				ONLY_ACTIVE_ARCH = YES;
				SDKROOT = iphoneos;
				SWIFT_ACTIVE_COMPILATION_CONDITIONS = DEBUG;
				SWIFT_OPTIMIZATION_LEVEL = "-Onone";
			};
			name = Debug;
		};
		69AB5C3323EFA6EE003050DD /* Release */ = {
			isa = XCBuildConfiguration;
			buildSettings = {
				ALWAYS_SEARCH_USER_PATHS = NO;
				CLANG_ANALYZER_NONNULL = YES;
				CLANG_ANALYZER_NUMBER_OBJECT_CONVERSION = YES_AGGRESSIVE;
				CLANG_CXX_LANGUAGE_STANDARD = "gnu++14";
				CLANG_CXX_LIBRARY = "libc++";
				CLANG_ENABLE_MODULES = YES;
				CLANG_ENABLE_OBJC_ARC = YES;
				CLANG_ENABLE_OBJC_WEAK = YES;
				CLANG_WARN_BLOCK_CAPTURE_AUTORELEASING = YES;
				CLANG_WARN_BOOL_CONVERSION = YES;
				CLANG_WARN_COMMA = YES;
				CLANG_WARN_CONSTANT_CONVERSION = YES;
				CLANG_WARN_DEPRECATED_OBJC_IMPLEMENTATIONS = YES;
				CLANG_WARN_DIRECT_OBJC_ISA_USAGE = YES_ERROR;
				CLANG_WARN_DOCUMENTATION_COMMENTS = YES;
				CLANG_WARN_EMPTY_BODY = YES;
				CLANG_WARN_ENUM_CONVERSION = YES;
				CLANG_WARN_INFINITE_RECURSION = YES;
				CLANG_WARN_INT_CONVERSION = YES;
				CLANG_WARN_NON_LITERAL_NULL_CONVERSION = YES;
				CLANG_WARN_OBJC_IMPLICIT_RETAIN_SELF = YES;
				CLANG_WARN_OBJC_LITERAL_CONVERSION = YES;
				CLANG_WARN_OBJC_ROOT_CLASS = YES_ERROR;
				CLANG_WARN_RANGE_LOOP_ANALYSIS = YES;
				CLANG_WARN_STRICT_PROTOTYPES = YES;
				CLANG_WARN_SUSPICIOUS_MOVE = YES;
				CLANG_WARN_UNGUARDED_AVAILABILITY = YES_AGGRESSIVE;
				CLANG_WARN_UNREACHABLE_CODE = YES;
				CLANG_WARN__DUPLICATE_METHOD_MATCH = YES;
				COPY_PHASE_STRIP = NO;
				DEBUG_INFORMATION_FORMAT = "dwarf-with-dsym";
				ENABLE_NS_ASSERTIONS = NO;
				ENABLE_STRICT_OBJC_MSGSEND = YES;
				GCC_C_LANGUAGE_STANDARD = gnu11;
				GCC_NO_COMMON_BLOCKS = YES;
				GCC_WARN_64_TO_32_BIT_CONVERSION = YES;
				GCC_WARN_ABOUT_RETURN_TYPE = YES_ERROR;
				GCC_WARN_UNDECLARED_SELECTOR = YES;
				GCC_WARN_UNINITIALIZED_AUTOS = YES_AGGRESSIVE;
				GCC_WARN_UNUSED_FUNCTION = YES;
				GCC_WARN_UNUSED_VARIABLE = YES;
				IPHONEOS_DEPLOYMENT_TARGET = 13.2;
				MTL_ENABLE_DEBUG_INFO = NO;
				MTL_FAST_MATH = YES;
				SDKROOT = iphoneos;
				SWIFT_COMPILATION_MODE = wholemodule;
				SWIFT_OPTIMIZATION_LEVEL = "-O";
				VALIDATE_PRODUCT = YES;
			};
			name = Release;
		};
		69AB5C3523EFA6EE003050DD /* Debug */ = {
			isa = XCBuildConfiguration;
			baseConfigurationReference = 674C074A1C474BA85BD74E18 /* Pods-Varejando.debug.xcconfig */;
			buildSettings = {
				ALWAYS_EMBED_SWIFT_STANDARD_LIBRARIES = "$(inherited)";
				ASSETCATALOG_COMPILER_APPICON_NAME = AppIcon;
				CODE_SIGN_STYLE = Automatic;
				DEVELOPMENT_TEAM = AVY6X5Z59L;
				INFOPLIST_FILE = Varejando/Info.plist;
				LD_RUNPATH_SEARCH_PATHS = (
					"$(inherited)",
					"@executable_path/Frameworks",
				);
				PRODUCT_BUNDLE_IDENTIFIER = com.teste.viavarejo.Varejando;
				PRODUCT_NAME = "$(TARGET_NAME)";
				SWIFT_VERSION = 5.0;
				TARGETED_DEVICE_FAMILY = "1,2";
			};
			name = Debug;
		};
		69AB5C3623EFA6EE003050DD /* Release */ = {
			isa = XCBuildConfiguration;
			baseConfigurationReference = E4B0010AB2FF45155F8BF7DE /* Pods-Varejando.release.xcconfig */;
			buildSettings = {
				ALWAYS_EMBED_SWIFT_STANDARD_LIBRARIES = "$(inherited)";
				ASSETCATALOG_COMPILER_APPICON_NAME = AppIcon;
				CODE_SIGN_STYLE = Automatic;
				DEVELOPMENT_TEAM = AVY6X5Z59L;
				INFOPLIST_FILE = Varejando/Info.plist;
				LD_RUNPATH_SEARCH_PATHS = (
					"$(inherited)",
					"@executable_path/Frameworks",
				);
				PRODUCT_BUNDLE_IDENTIFIER = com.teste.viavarejo.Varejando;
				PRODUCT_NAME = "$(TARGET_NAME)";
				SWIFT_VERSION = 5.0;
				TARGETED_DEVICE_FAMILY = "1,2";
			};
			name = Release;
		};
		69AB5C3823EFA6EE003050DD /* Debug */ = {
			isa = XCBuildConfiguration;
			baseConfigurationReference = 54EF887616E7BD41A9356578 /* Pods-VarejandoTests.debug.xcconfig */;
			buildSettings = {
				ALWAYS_EMBED_SWIFT_STANDARD_LIBRARIES = YES;
				BUNDLE_LOADER = "$(TEST_HOST)";
				CODE_SIGN_STYLE = Automatic;
				DEVELOPMENT_TEAM = AVY6X5Z59L;
				INFOPLIST_FILE = VarejandoTests/Info.plist;
				IPHONEOS_DEPLOYMENT_TARGET = 13.2;
				LD_RUNPATH_SEARCH_PATHS = (
					"$(inherited)",
					"@executable_path/Frameworks",
					"@loader_path/Frameworks",
				);
				PRODUCT_BUNDLE_IDENTIFIER = com.teste.viavarejo.VarejandoTests;
				PRODUCT_NAME = "$(TARGET_NAME)";
				SWIFT_VERSION = 5.0;
				TARGETED_DEVICE_FAMILY = "1,2";
				TEST_HOST = "$(BUILT_PRODUCTS_DIR)/Varejando.app/Varejando";
			};
			name = Debug;
		};
		69AB5C3923EFA6EE003050DD /* Release */ = {
			isa = XCBuildConfiguration;
			baseConfigurationReference = 9D6F19DF2E5F85FCAFE075A2 /* Pods-VarejandoTests.release.xcconfig */;
			buildSettings = {
				ALWAYS_EMBED_SWIFT_STANDARD_LIBRARIES = YES;
				BUNDLE_LOADER = "$(TEST_HOST)";
				CODE_SIGN_STYLE = Automatic;
				DEVELOPMENT_TEAM = AVY6X5Z59L;
				INFOPLIST_FILE = VarejandoTests/Info.plist;
				IPHONEOS_DEPLOYMENT_TARGET = 13.2;
				LD_RUNPATH_SEARCH_PATHS = (
					"$(inherited)",
					"@executable_path/Frameworks",
					"@loader_path/Frameworks",
				);
				PRODUCT_BUNDLE_IDENTIFIER = com.teste.viavarejo.VarejandoTests;
				PRODUCT_NAME = "$(TARGET_NAME)";
				SWIFT_VERSION = 5.0;
				TARGETED_DEVICE_FAMILY = "1,2";
				TEST_HOST = "$(BUILT_PRODUCTS_DIR)/Varejando.app/Varejando";
			};
			name = Release;
		};
		69AB5C3B23EFA6EE003050DD /* Debug */ = {
			isa = XCBuildConfiguration;
			buildSettings = {
				ALWAYS_EMBED_SWIFT_STANDARD_LIBRARIES = YES;
				CODE_SIGN_STYLE = Automatic;
				DEVELOPMENT_TEAM = AVY6X5Z59L;
				INFOPLIST_FILE = VarejandoUITests/Info.plist;
				LD_RUNPATH_SEARCH_PATHS = (
					"$(inherited)",
					"@executable_path/Frameworks",
					"@loader_path/Frameworks",
				);
				PRODUCT_BUNDLE_IDENTIFIER = com.teste.viavarejo.VarejandoUITests;
				PRODUCT_NAME = "$(TARGET_NAME)";
				SWIFT_VERSION = 5.0;
				TARGETED_DEVICE_FAMILY = "1,2";
				TEST_TARGET_NAME = Varejando;
			};
			name = Debug;
		};
		69AB5C3C23EFA6EE003050DD /* Release */ = {
			isa = XCBuildConfiguration;
			buildSettings = {
				ALWAYS_EMBED_SWIFT_STANDARD_LIBRARIES = YES;
				CODE_SIGN_STYLE = Automatic;
				DEVELOPMENT_TEAM = AVY6X5Z59L;
				INFOPLIST_FILE = VarejandoUITests/Info.plist;
				LD_RUNPATH_SEARCH_PATHS = (
					"$(inherited)",
					"@executable_path/Frameworks",
					"@loader_path/Frameworks",
				);
				PRODUCT_BUNDLE_IDENTIFIER = com.teste.viavarejo.VarejandoUITests;
				PRODUCT_NAME = "$(TARGET_NAME)";
				SWIFT_VERSION = 5.0;
				TARGETED_DEVICE_FAMILY = "1,2";
				TEST_TARGET_NAME = Varejando;
			};
			name = Release;
		};
/* End XCBuildConfiguration section */

/* Begin XCConfigurationList section */
		69AB5C0523EFA6EC003050DD /* Build configuration list for PBXProject "Varejando" */ = {
			isa = XCConfigurationList;
			buildConfigurations = (
				69AB5C3223EFA6EE003050DD /* Debug */,
				69AB5C3323EFA6EE003050DD /* Release */,
			);
			defaultConfigurationIsVisible = 0;
			defaultConfigurationName = Release;
		};
		69AB5C3423EFA6EE003050DD /* Build configuration list for PBXNativeTarget "Varejando" */ = {
			isa = XCConfigurationList;
			buildConfigurations = (
				69AB5C3523EFA6EE003050DD /* Debug */,
				69AB5C3623EFA6EE003050DD /* Release */,
			);
			defaultConfigurationIsVisible = 0;
			defaultConfigurationName = Release;
		};
		69AB5C3723EFA6EE003050DD /* Build configuration list for PBXNativeTarget "VarejandoTests" */ = {
			isa = XCConfigurationList;
			buildConfigurations = (
				69AB5C3823EFA6EE003050DD /* Debug */,
				69AB5C3923EFA6EE003050DD /* Release */,
			);
			defaultConfigurationIsVisible = 0;
			defaultConfigurationName = Release;
		};
		69AB5C3A23EFA6EE003050DD /* Build configuration list for PBXNativeTarget "VarejandoUITests" */ = {
			isa = XCConfigurationList;
			buildConfigurations = (
				69AB5C3B23EFA6EE003050DD /* Debug */,
				69AB5C3C23EFA6EE003050DD /* Release */,
			);
			defaultConfigurationIsVisible = 0;
			defaultConfigurationName = Release;
		};
/* End XCConfigurationList section */
	};
	rootObject = 69AB5C0223EFA6EC003050DD /* Project object */;
}
